
Microsoft Visual Studio Solution File, Format Version 11.00
# Visual C# Express 2010
Project("{FAE04EC0-301F-11D3-BF4B-00C04F79EFBC}") = "MyGame", "MyGame\MyGame\MyGame.csproj", "{D404F26D-F487-499C-B9C4-0F9B0680B8F2}"
EndProject
Project("{FAE04EC0-301F-11D3-BF4B-00C04F79EFBC}") = "MyGameContent", "MyGame\MyGameContent\MyGameContent.contentproj", "{488B8F4D-7C44-4FAA-973B-06F274F1C6DD}"
EndProject
Global
	GlobalSection(SolutionConfigurationPlatforms) = preSolution
		Debug|x86 = Debug|x86
		Release|x86 = Release|x86
	EndGlobalSection
	GlobalSection(ProjectConfigurationPlatforms) = postSolution
		{D404F26D-F487-499C-B9C4-0F9B0680B8F2}.Debug|x86.ActiveCfg = Debug|x86
		{D404F26D-F487-499C-B9C4-0F9B0680B8F2}.Debug|x86.Build.0 = Debug|x86
		{D404F26D-F487-499C-B9C4-0F9B0680B8F2}.Release|x86.ActiveCfg = Release|x86
		{D404F26D-F487-499C-B9C4-0F9B0680B8F2}.Release|x86.Build.0 = Release|x86
		{488B8F4D-7C44-4FAA-973B-06F274F1C6DD}.Debug|x86.ActiveCfg = Debug|x86
		{488B8F4D-7C44-4FAA-973B-06F274F1C6DD}.Debug|x86.Build.0 = Debug|x86
		{488B8F4D-7C44-4FAA-973B-06F274F1C6DD}.Release|x86.ActiveCfg = Release|x86
	EndGlobalSection
	GlobalSection(SolutionProperties) = preSolution
		HideSolutionNode = FALSE
	EndGlobalSection
EndGlobal
